// !$*UTF8*$!
{
	archiveVersion = 1;
	classes = {
	};
	objectVersion = 46;
	objects = {

/* Begin PBXBuildFile section */
		734902DF1844E807001FF1BF /* logo@2x.png in Resources */ = {isa = PBXBuildFile; fileRef = 734902DE1844E807001FF1BF /* logo@2x.png */; };
		734902E21844EB19001FF1BF /* IWStudent.m in Sources */ = {isa = PBXBuildFile; fileRef = 734902E11844EB19001FF1BF /* IWStudent.m */; };
		734902E51844EB28001FF1BF /* IWCourse.m in Sources */ = {isa = PBXBuildFile; fileRef = 734902E41844EB28001FF1BF /* IWCourse.m */; };
		734902EE1844F611001FF1BF /* IWSpecialization.m in Sources */ = {isa = PBXBuildFile; fileRef = 734902ED1844F611001FF1BF /* IWSpecialization.m */; };
		734902F11844F6A7001FF1BF /* IWRequiments.m in Sources */ = {isa = PBXBuildFile; fileRef = 734902F01844F6A7001FF1BF /* IWRequiments.m */; };
		734902F418452677001FF1BF /* IWRegistationViewController.m in Sources */ = {isa = PBXBuildFile; fileRef = 734902F318452677001FF1BF /* IWRegistationViewController.m */; };
		734902F718452AED001FF1BF /* IWLoginViewController.m in Sources */ = {isa = PBXBuildFile; fileRef = 734902F618452AED001FF1BF /* IWLoginViewController.m */; };
		734902FC18466329001FF1BF /* IWCoursesViewController.m in Sources */ = {isa = PBXBuildFile; fileRef = 734902FB18466329001FF1BF /* IWCoursesViewController.m */; };
		734902FF18466A1C001FF1BF /* IWCourseDetailViewController.m in Sources */ = {isa = PBXBuildFile; fileRef = 734902FE18466A1C001FF1BF /* IWCourseDetailViewController.m */; };
		73F3A4691842AB5F008493E9 /* Foundation.framework in Frameworks */ = {isa = PBXBuildFile; fileRef = 73F3A4681842AB5F008493E9 /* Foundation.framework */; };
		73F3A46B1842AB5F008493E9 /* CoreGraphics.framework in Frameworks */ = {isa = PBXBuildFile; fileRef = 73F3A46A1842AB5F008493E9 /* CoreGraphics.framework */; };
		73F3A46D1842AB5F008493E9 /* UIKit.framework in Frameworks */ = {isa = PBXBuildFile; fileRef = 73F3A46C1842AB5F008493E9 /* UIKit.framework */; };
		73F3A4731842AB5F008493E9 /* InfoPlist.strings in Resources */ = {isa = PBXBuildFile; fileRef = 73F3A4711842AB5F008493E9 /* InfoPlist.strings */; };
		73F3A4751842AB5F008493E9 /* main.m in Sources */ = {isa = PBXBuildFile; fileRef = 73F3A4741842AB5F008493E9 /* main.m */; };
		73F3A4791842AB5F008493E9 /* IWAppDelegate.m in Sources */ = {isa = PBXBuildFile; fileRef = 73F3A4781842AB5F008493E9 /* IWAppDelegate.m */; };
		73F3A47C1842AB5F008493E9 /* Main.storyboard in Resources */ = {isa = PBXBuildFile; fileRef = 73F3A47A1842AB5F008493E9 /* Main.storyboard */; };
		73F3A47F1842AB5F008493E9 /* IWIntroViewController.m in Sources */ = {isa = PBXBuildFile; fileRef = 73F3A47E1842AB5F008493E9 /* IWIntroViewController.m */; };
		73F3A4811842AB5F008493E9 /* Images.xcassets in Resources */ = {isa = PBXBuildFile; fileRef = 73F3A4801842AB5F008493E9 /* Images.xcassets */; };
		73F3A4881842AB5F008493E9 /* XCTest.framework in Frameworks */ = {isa = PBXBuildFile; fileRef = 73F3A4871842AB5F008493E9 /* XCTest.framework */; };
		73F3A4891842AB5F008493E9 /* Foundation.framework in Frameworks */ = {isa = PBXBuildFile; fileRef = 73F3A4681842AB5F008493E9 /* Foundation.framework */; };
		73F3A48A1842AB5F008493E9 /* UIKit.framework in Frameworks */ = {isa = PBXBuildFile; fileRef = 73F3A46C1842AB5F008493E9 /* UIKit.framework */; };
		73F3A4921842AB5F008493E9 /* InfoPlist.strings in Resources */ = {isa = PBXBuildFile; fileRef = 73F3A4901842AB5F008493E9 /* InfoPlist.strings */; };
		73F3A4941842AB5F008493E9 /* InPlanTests.m in Sources */ = {isa = PBXBuildFile; fileRef = 73F3A4931842AB5F008493E9 /* InPlanTests.m */; };
		C9C7DA929153443FA98D61A3 /* libPods.a in Frameworks */ = {isa = PBXBuildFile; fileRef = 5F5D2B3E5FB8430BAF482F0E /* libPods.a */; };
/* End PBXBuildFile section */

/* Begin PBXContainerItemProxy section */
		73F3A48B1842AB5F008493E9 /* PBXContainerItemProxy */ = {
			isa = PBXContainerItemProxy;
			containerPortal = 73F3A45D1842AB5F008493E9 /* Project object */;
			proxyType = 1;
			remoteGlobalIDString = 73F3A4641842AB5F008493E9;
			remoteInfo = InPlan;
		};
/* End PBXContainerItemProxy section */

/* Begin PBXFileReference section */
		581052523A8D49F588372489 /* Pods.xcconfig */ = {isa = PBXFileReference; includeInIndex = 1; lastKnownFileType = text.xcconfig; name = Pods.xcconfig; path = Pods/Pods.xcconfig; sourceTree = "<group>"; };
		5F5D2B3E5FB8430BAF482F0E /* libPods.a */ = {isa = PBXFileReference; explicitFileType = archive.ar; includeInIndex = 0; path = libPods.a; sourceTree = BUILT_PRODUCTS_DIR; };
		734902DE1844E807001FF1BF /* logo@2x.png */ = {isa = PBXFileReference; lastKnownFileType = image.png; path = "logo@2x.png"; sourceTree = "<group>"; };
		734902E01844EB19001FF1BF /* IWStudent.h */ = {isa = PBXFileReference; fileEncoding = 4; lastKnownFileType = sourcecode.c.h; path = IWStudent.h; sourceTree = "<group>"; };
		734902E11844EB19001FF1BF /* IWStudent.m */ = {isa = PBXFileReference; fileEncoding = 4; lastKnownFileType = sourcecode.c.objc; path = IWStudent.m; sourceTree = "<group>"; };
		734902E31844EB28001FF1BF /* IWCourse.h */ = {isa = PBXFileReference; fileEncoding = 4; lastKnownFileType = sourcecode.c.h; path = IWCourse.h; sourceTree = "<group>"; };
		734902E41844EB28001FF1BF /* IWCourse.m */ = {isa = PBXFileReference; fileEncoding = 4; lastKnownFileType = sourcecode.c.objc; path = IWCourse.m; sourceTree = "<group>"; };
		734902EC1844F611001FF1BF /* IWSpecialization.h */ = {isa = PBXFileReference; fileEncoding = 4; lastKnownFileType = sourcecode.c.h; path = IWSpecialization.h; sourceTree = "<group>"; };
		734902ED1844F611001FF1BF /* IWSpecialization.m */ = {isa = PBXFileReference; fileEncoding = 4; lastKnownFileType = sourcecode.c.objc; path = IWSpecialization.m; sourceTree = "<group>"; };
		734902EF1844F6A7001FF1BF /* IWRequiments.h */ = {isa = PBXFileReference; fileEncoding = 4; lastKnownFileType = sourcecode.c.h; path = IWRequiments.h; sourceTree = "<group>"; };
		734902F01844F6A7001FF1BF /* IWRequiments.m */ = {isa = PBXFileReference; fileEncoding = 4; lastKnownFileType = sourcecode.c.objc; path = IWRequiments.m; sourceTree = "<group>"; };
		734902F218452677001FF1BF /* IWRegistationViewController.h */ = {isa = PBXFileReference; fileEncoding = 4; lastKnownFileType = sourcecode.c.h; path = IWRegistationViewController.h; sourceTree = "<group>"; };
		734902F318452677001FF1BF /* IWRegistationViewController.m */ = {isa = PBXFileReference; fileEncoding = 4; lastKnownFileType = sourcecode.c.objc; path = IWRegistationViewController.m; sourceTree = "<group>"; };
		734902F518452AED001FF1BF /* IWLoginViewController.h */ = {isa = PBXFileReference; fileEncoding = 4; lastKnownFileType = sourcecode.c.h; path = IWLoginViewController.h; sourceTree = "<group>"; };
		734902F618452AED001FF1BF /* IWLoginViewController.m */ = {isa = PBXFileReference; fileEncoding = 4; lastKnownFileType = sourcecode.c.objc; path = IWLoginViewController.m; sourceTree = "<group>"; };
		734902FA18466329001FF1BF /* IWCoursesViewController.h */ = {isa = PBXFileReference; fileEncoding = 4; lastKnownFileType = sourcecode.c.h; path = IWCoursesViewController.h; sourceTree = "<group>"; };
		734902FB18466329001FF1BF /* IWCoursesViewController.m */ = {isa = PBXFileReference; fileEncoding = 4; lastKnownFileType = sourcecode.c.objc; path = IWCoursesViewController.m; sourceTree = "<group>"; };
		734902FD18466A1C001FF1BF /* IWCourseDetailViewController.h */ = {isa = PBXFileReference; fileEncoding = 4; lastKnownFileType = sourcecode.c.h; path = IWCourseDetailViewController.h; sourceTree = "<group>"; };
		734902FE18466A1C001FF1BF /* IWCourseDetailViewController.m */ = {isa = PBXFileReference; fileEncoding = 4; lastKnownFileType = sourcecode.c.objc; path = IWCourseDetailViewController.m; sourceTree = "<group>"; };
		73F3A4651842AB5F008493E9 /* InPlan.app */ = {isa = PBXFileReference; explicitFileType = wrapper.application; includeInIndex = 0; path = InPlan.app; sourceTree = BUILT_PRODUCTS_DIR; };
		73F3A4681842AB5F008493E9 /* Foundation.framework */ = {isa = PBXFileReference; lastKnownFileType = wrapper.framework; name = Foundation.framework; path = System/Library/Frameworks/Foundation.framework; sourceTree = SDKROOT; };
		73F3A46A1842AB5F008493E9 /* CoreGraphics.framework */ = {isa = PBXFileReference; lastKnownFileType = wrapper.framework; name = CoreGraphics.framework; path = System/Library/Frameworks/CoreGraphics.framework; sourceTree = SDKROOT; };
		73F3A46C1842AB5F008493E9 /* UIKit.framework */ = {isa = PBXFileReference; lastKnownFileType = wrapper.framework; name = UIKit.framework; path = System/Library/Frameworks/UIKit.framework; sourceTree = SDKROOT; };
		73F3A4701842AB5F008493E9 /* InPlan-Info.plist */ = {isa = PBXFileReference; lastKnownFileType = text.plist.xml; path = "InPlan-Info.plist"; sourceTree = "<group>"; };
		73F3A4721842AB5F008493E9 /* en */ = {isa = PBXFileReference; lastKnownFileType = text.plist.strings; name = en; path = en.lproj/InfoPlist.strings; sourceTree = "<group>"; };
		73F3A4741842AB5F008493E9 /* main.m */ = {isa = PBXFileReference; lastKnownFileType = sourcecode.c.objc; path = main.m; sourceTree = "<group>"; };
		73F3A4761842AB5F008493E9 /* InPlan-Prefix.pch */ = {isa = PBXFileReference; lastKnownFileType = sourcecode.c.h; path = "InPlan-Prefix.pch"; sourceTree = "<group>"; };
		73F3A4771842AB5F008493E9 /* IWAppDelegate.h */ = {isa = PBXFileReference; lastKnownFileType = sourcecode.c.h; path = IWAppDelegate.h; sourceTree = "<group>"; };
		73F3A4781842AB5F008493E9 /* IWAppDelegate.m */ = {isa = PBXFileReference; lastKnownFileType = sourcecode.c.objc; path = IWAppDelegate.m; sourceTree = "<group>"; };
		73F3A47B1842AB5F008493E9 /* Base */ = {isa = PBXFileReference; lastKnownFileType = file.storyboard; name = Base; path = Base.lproj/Main.storyboard; sourceTree = "<group>"; };
		73F3A47D1842AB5F008493E9 /* IWIntroViewController.h */ = {isa = PBXFileReference; lastKnownFileType = sourcecode.c.h; path = IWIntroViewController.h; sourceTree = "<group>"; };
		73F3A47E1842AB5F008493E9 /* IWIntroViewController.m */ = {isa = PBXFileReference; lastKnownFileType = sourcecode.c.objc; path = IWIntroViewController.m; sourceTree = "<group>"; };
		73F3A4801842AB5F008493E9 /* Images.xcassets */ = {isa = PBXFileReference; lastKnownFileType = folder.assetcatalog; path = Images.xcassets; sourceTree = "<group>"; };
		73F3A4861842AB5F008493E9 /* InPlanTests.xctest */ = {isa = PBXFileReference; explicitFileType = wrapper.cfbundle; includeInIndex = 0; path = InPlanTests.xctest; sourceTree = BUILT_PRODUCTS_DIR; };
		73F3A4871842AB5F008493E9 /* XCTest.framework */ = {isa = PBXFileReference; lastKnownFileType = wrapper.framework; name = XCTest.framework; path = Library/Frameworks/XCTest.framework; sourceTree = DEVELOPER_DIR; };
		73F3A48F1842AB5F008493E9 /* InPlanTests-Info.plist */ = {isa = PBXFileReference; lastKnownFileType = text.plist.xml; path = "InPlanTests-Info.plist"; sourceTree = "<group>"; };
		73F3A4911842AB5F008493E9 /* en */ = {isa = PBXFileReference; lastKnownFileType = text.plist.strings; name = en; path = en.lproj/InfoPlist.strings; sourceTree = "<group>"; };
		73F3A4931842AB5F008493E9 /* InPlanTests.m */ = {isa = PBXFileReference; lastKnownFileType = sourcecode.c.objc; path = InPlanTests.m; sourceTree = "<group>"; };
/* End PBXFileReference section */

/* Begin PBXFrameworksBuildPhase section */
		73F3A4621842AB5F008493E9 /* Frameworks */ = {
			isa = PBXFrameworksBuildPhase;
			buildActionMask = 2147483647;
			files = (
				73F3A46B1842AB5F008493E9 /* CoreGraphics.framework in Frameworks */,
				73F3A46D1842AB5F008493E9 /* UIKit.framework in Frameworks */,
				73F3A4691842AB5F008493E9 /* Foundation.framework in Frameworks */,
				C9C7DA929153443FA98D61A3 /* libPods.a in Frameworks */,
			);
			runOnlyForDeploymentPostprocessing = 0;
		};
		73F3A4831842AB5F008493E9 /* Frameworks */ = {
			isa = PBXFrameworksBuildPhase;
			buildActionMask = 2147483647;
			files = (
				73F3A4881842AB5F008493E9 /* XCTest.framework in Frameworks */,
				73F3A48A1842AB5F008493E9 /* UIKit.framework in Frameworks */,
				73F3A4891842AB5F008493E9 /* Foundation.framework in Frameworks */,
			);
			runOnlyForDeploymentPostprocessing = 0;
		};
/* End PBXFrameworksBuildPhase section */

/* Begin PBXGroup section */
		734902F81846256A001FF1BF /* ViewControolers */ = {
			isa = PBXGroup;
			children = (
				73F3A47D1842AB5F008493E9 /* IWIntroViewController.h */,
				73F3A47E1842AB5F008493E9 /* IWIntroViewController.m */,
				734902F218452677001FF1BF /* IWRegistationViewController.h */,
				734902F318452677001FF1BF /* IWRegistationViewController.m */,
				734902F518452AED001FF1BF /* IWLoginViewController.h */,
				734902F618452AED001FF1BF /* IWLoginViewController.m */,
				734902FA18466329001FF1BF /* IWCoursesViewController.h */,
				734902FB18466329001FF1BF /* IWCoursesViewController.m */,
				734902FD18466A1C001FF1BF /* IWCourseDetailViewController.h */,
				734902FE18466A1C001FF1BF /* IWCourseDetailViewController.m */,
			);
			name = ViewControolers;
			sourceTree = "<group>";
		};
		734902F918462576001FF1BF /* Models */ = {
			isa = PBXGroup;
			children = (
				734902E01844EB19001FF1BF /* IWStudent.h */,
				734902E11844EB19001FF1BF /* IWStudent.m */,
				734902E31844EB28001FF1BF /* IWCourse.h */,
				734902E41844EB28001FF1BF /* IWCourse.m */,
				734902EC1844F611001FF1BF /* IWSpecialization.h */,
				734902ED1844F611001FF1BF /* IWSpecialization.m */,
				734902EF1844F6A7001FF1BF /* IWRequiments.h */,
				734902F01844F6A7001FF1BF /* IWRequiments.m */,
			);
			name = Models;
			sourceTree = "<group>";
		};
		73F3A45C1842AB5F008493E9 = {
			isa = PBXGroup;
			children = (
				73F3A46E1842AB5F008493E9 /* InPlan */,
				73F3A48D1842AB5F008493E9 /* InPlanTests */,
				73F3A4671842AB5F008493E9 /* Frameworks */,
				73F3A4661842AB5F008493E9 /* Products */,
				581052523A8D49F588372489 /* Pods.xcconfig */,
			);
			sourceTree = "<group>";
		};
		73F3A4661842AB5F008493E9 /* Products */ = {
			isa = PBXGroup;
			children = (
				73F3A4651842AB5F008493E9 /* InPlan.app */,
				73F3A4861842AB5F008493E9 /* InPlanTests.xctest */,
			);
			name = Products;
			sourceTree = "<group>";
		};
		73F3A4671842AB5F008493E9 /* Frameworks */ = {
			isa = PBXGroup;
			children = (
				73F3A4681842AB5F008493E9 /* Foundation.framework */,
				73F3A46A1842AB5F008493E9 /* CoreGraphics.framework */,
				73F3A46C1842AB5F008493E9 /* UIKit.framework */,
				73F3A4871842AB5F008493E9 /* XCTest.framework */,
				5F5D2B3E5FB8430BAF482F0E /* libPods.a */,
			);
			name = Frameworks;
			sourceTree = "<group>";
		};
		73F3A46E1842AB5F008493E9 /* InPlan */ = {
			isa = PBXGroup;
			children = (
				73F3A4771842AB5F008493E9 /* IWAppDelegate.h */,
				73F3A4781842AB5F008493E9 /* IWAppDelegate.m */,
				73F3A47A1842AB5F008493E9 /* Main.storyboard */,
				734902F81846256A001FF1BF /* ViewControolers */,
				734902F918462576001FF1BF /* Models */,
				73F3A4801842AB5F008493E9 /* Images.xcassets */,
				73F3A46F1842AB5F008493E9 /* Supporting Files */,
			);
			path = InPlan;
			sourceTree = "<group>";
		};
		73F3A46F1842AB5F008493E9 /* Supporting Files */ = {
			isa = PBXGroup;
			children = (
				73F3A4701842AB5F008493E9 /* InPlan-Info.plist */,
				73F3A4711842AB5F008493E9 /* InfoPlist.strings */,
				73F3A4741842AB5F008493E9 /* main.m */,
				73F3A4761842AB5F008493E9 /* InPlan-Prefix.pch */,
				734902DE1844E807001FF1BF /* logo@2x.png */,
			);
			name = "Supporting Files";
			sourceTree = "<group>";
		};
		73F3A48D1842AB5F008493E9 /* InPlanTests */ = {
			isa = PBXGroup;
			children = (
				73F3A4931842AB5F008493E9 /* InPlanTests.m */,
				73F3A48E1842AB5F008493E9 /* Supporting Files */,
			);
			path = InPlanTests;
			sourceTree = "<group>";
		};
		73F3A48E1842AB5F008493E9 /* Supporting Files */ = {
			isa = PBXGroup;
			children = (
				73F3A48F1842AB5F008493E9 /* InPlanTests-Info.plist */,
				73F3A4901842AB5F008493E9 /* InfoPlist.strings */,
			);
			name = "Supporting Files";
			sourceTree = "<group>";
		};
/* End PBXGroup section */

/* Begin PBXNativeTarget section */
		73F3A4641842AB5F008493E9 /* InPlan */ = {
			isa = PBXNativeTarget;
			buildConfigurationList = 73F3A4971842AB5F008493E9 /* Build configuration list for PBXNativeTarget "InPlan" */;
			buildPhases = (
				F99E7D7E956440329C82D21A /* Check Pods Manifest.lock */,
				73F3A4611842AB5F008493E9 /* Sources */,
				73F3A4621842AB5F008493E9 /* Frameworks */,
				73F3A4631842AB5F008493E9 /* Resources */,
				2405AB31DBBB4AFB9AC1F2E3 /* Copy Pods Resources */,
			);
			buildRules = (
			);
			dependencies = (
			);
			name = InPlan;
			productName = InPlan;
			productReference = 73F3A4651842AB5F008493E9 /* InPlan.app */;
			productType = "com.apple.product-type.application";
		};
		73F3A4851842AB5F008493E9 /* InPlanTests */ = {
			isa = PBXNativeTarget;
			buildConfigurationList = 73F3A49A1842AB5F008493E9 /* Build configuration list for PBXNativeTarget "InPlanTests" */;
			buildPhases = (
				73F3A4821842AB5F008493E9 /* Sources */,
				73F3A4831842AB5F008493E9 /* Frameworks */,
				73F3A4841842AB5F008493E9 /* Resources */,
			);
			buildRules = (
			);
			dependencies = (
				73F3A48C1842AB5F008493E9 /* PBXTargetDependency */,
			);
			name = InPlanTests;
			productName = InPlanTests;
			productReference = 73F3A4861842AB5F008493E9 /* InPlanTests.xctest */;
			productType = "com.apple.product-type.bundle.unit-test";
		};
/* End PBXNativeTarget section */

/* Begin PBXProject section */
		73F3A45D1842AB5F008493E9 /* Project object */ = {
			isa = PBXProject;
			attributes = {
				CLASSPREFIX = IW;
				LastUpgradeCheck = 0500;
				ORGANIZATIONNAME = "Виталий Давыдов";
				TargetAttributes = {
					73F3A4851842AB5F008493E9 = {
						TestTargetID = 73F3A4641842AB5F008493E9;
					};
				};
			};
			buildConfigurationList = 73F3A4601842AB5F008493E9 /* Build configuration list for PBXProject "InPlan" */;
			compatibilityVersion = "Xcode 3.2";
			developmentRegion = English;
			hasScannedForEncodings = 0;
			knownRegions = (
				en,
				Base,
			);
			mainGroup = 73F3A45C1842AB5F008493E9;
			productRefGroup = 73F3A4661842AB5F008493E9 /* Products */;
			projectDirPath = "";
			projectRoot = "";
			targets = (
				73F3A4641842AB5F008493E9 /* InPlan */,
				73F3A4851842AB5F008493E9 /* InPlanTests */,
			);
		};
/* End PBXProject section */

/* Begin PBXResourcesBuildPhase section */
		73F3A4631842AB5F008493E9 /* Resources */ = {
			isa = PBXResourcesBuildPhase;
			buildActionMask = 2147483647;
			files = (
				73F3A4811842AB5F008493E9 /* Images.xcassets in Resources */,
				734902DF1844E807001FF1BF /* logo@2x.png in Resources */,
				73F3A4731842AB5F008493E9 /* InfoPlist.strings in Resources */,
				73F3A47C1842AB5F008493E9 /* Main.storyboard in Resources */,
			);
			runOnlyForDeploymentPostprocessing = 0;
		};
		73F3A4841842AB5F008493E9 /* Resources */ = {
			isa = PBXResourcesBuildPhase;
			buildActionMask = 2147483647;
			files = (
				73F3A4921842AB5F008493E9 /* InfoPlist.strings in Resources */,
			);
			runOnlyForDeploymentPostprocessing = 0;
		};
/* End PBXResourcesBuildPhase section */

/* Begin PBXShellScriptBuildPhase section */
		2405AB31DBBB4AFB9AC1F2E3 /* Copy Pods Resources */ = {
			isa = PBXShellScriptBuildPhase;
			buildActionMask = 2147483647;
			files = (
			);
			inputPaths = (
			);
			name = "Copy Pods Resources";
			outputPaths = (
			);
			runOnlyForDeploymentPostprocessing = 0;
			shellPath = /bin/sh;
			shellScript = "\"${SRCROOT}/Pods/Pods-resources.sh\"\n";
			showEnvVarsInLog = 0;
		};
		F99E7D7E956440329C82D21A /* Check Pods Manifest.lock */ = {
			isa = PBXShellScriptBuildPhase;
			buildActionMask = 2147483647;
			files = (
			);
			inputPaths = (
			);
			name = "Check Pods Manifest.lock";
			outputPaths = (
			);
			runOnlyForDeploymentPostprocessing = 0;
			shellPath = /bin/sh;
			shellScript = "diff \"${PODS_ROOT}/../Podfile.lock\" \"${PODS_ROOT}/Manifest.lock\" > /dev/null\nif [[ $? != 0 ]] ; then\n    cat << EOM\nerror: The sandbox is not in sync with the Podfile.lock. Run 'pod install' or update your CocoaPods installation.\nEOM\n    exit 1\nfi\n";
			showEnvVarsInLog = 0;
		};
/* End PBXShellScriptBuildPhase section */

/* Begin PBXSourcesBuildPhase section */
		73F3A4611842AB5F008493E9 /* Sources */ = {
			isa = PBXSourcesBuildPhase;
			buildActionMask = 2147483647;
			files = (
				734902F418452677001FF1BF /* IWRegistationViewController.m in Sources */,
				73F3A4791842AB5F008493E9 /* IWAppDelegate.m in Sources */,
				734902E21844EB19001FF1BF /* IWStudent.m in Sources */,
				734902F718452AED001FF1BF /* IWLoginViewController.m in Sources */,
				734902EE1844F611001FF1BF /* IWSpecialization.m in Sources */,
				734902E51844EB28001FF1BF /* IWCourse.m in Sources */,
				73F3A4751842AB5F008493E9 /* main.m in Sources */,
				734902FC18466329001FF1BF /* IWCoursesViewController.m in Sources */,
				734902FF18466A1C001FF1BF /* IWCourseDetailViewController.m in Sources */,
				734902F11844F6A7001FF1BF /* IWRequiments.m in Sources */,
				73F3A47F1842AB5F008493E9 /* IWIntroViewController.m in Sources */,
			);
			runOnlyForDeploymentPostprocessing = 0;
		};
		73F3A4821842AB5F008493E9 /* Sources */ = {
			isa = PBXSourcesBuildPhase;
			buildActionMask = 2147483647;
			files = (
				73F3A4941842AB5F008493E9 /* InPlanTests.m in Sources */,
			);
			runOnlyForDeploymentPostprocessing = 0;
		};
/* End PBXSourcesBuildPhase section */

/* Begin PBXTargetDependency section */
		73F3A48C1842AB5F008493E9 /* PBXTargetDependency */ = {
			isa = PBXTargetDependency;
			target = 73F3A4641842AB5F008493E9 /* InPlan */;
			targetProxy = 73F3A48B1842AB5F008493E9 /* PBXContainerItemProxy */;
		};
/* End PBXTargetDependency section */

/* Begin PBXVariantGroup section */
		73F3A4711842AB5F008493E9 /* InfoPlist.strings */ = {
			isa = PBXVariantGroup;
			children = (
				73F3A4721842AB5F008493E9 /* en */,
			);
			name = InfoPlist.strings;
			sourceTree = "<group>";
		};
		73F3A47A1842AB5F008493E9 /* Main.storyboard */ = {
			isa = PBXVariantGroup;
			children = (
				73F3A47B1842AB5F008493E9 /* Base */,
			);
			name = Main.storyboard;
			sourceTree = "<group>";
		};
		73F3A4901842AB5F008493E9 /* InfoPlist.strings */ = {
			isa = PBXVariantGroup;
			children = (
				73F3A4911842AB5F008493E9 /* en */,
			);
			name = InfoPlist.strings;
			sourceTree = "<group>";
		};
/* End PBXVariantGroup section */

/* Begin XCBuildConfiguration section */
		73F3A4951842AB5F008493E9 /* Debug */ = {
			isa = XCBuildConfiguration;
			buildSettings = {
				ALWAYS_SEARCH_USER_PATHS = NO;
				ARCHS = "$(ARCHS_STANDARD_INCLUDING_64_BIT)";
				CLANG_CXX_LANGUAGE_STANDARD = "gnu++0x";
				CLANG_CXX_LIBRARY = "libc++";
				CLANG_ENABLE_MODULES = YES;
				CLANG_ENABLE_OBJC_ARC = YES;
				CLANG_WARN_BOOL_CONVERSION = YES;
				CLANG_WARN_CONSTANT_CONVERSION = YES;
				CLANG_WARN_DIRECT_OBJC_ISA_USAGE = YES_ERROR;
				CLANG_WARN_EMPTY_BODY = YES;
				CLANG_WARN_ENUM_CONVERSION = YES;
				CLANG_WARN_INT_CONVERSION = YES;
				CLANG_WARN_OBJC_ROOT_CLASS = YES_ERROR;
				CLANG_WARN__DUPLICATE_METHOD_MATCH = YES;
				"CODE_SIGN_IDENTITY[sdk=iphoneos*]" = "iPhone Developer";
				COPY_PHASE_STRIP = NO;
				GCC_C_LANGUAGE_STANDARD = gnu99;
				GCC_DYNAMIC_NO_PIC = NO;
				GCC_OPTIMIZATION_LEVEL = 0;
				GCC_PREPROCESSOR_DEFINITIONS = (
					"DEBUG=1",
					"$(inherited)",
				);
				GCC_SYMBOLS_PRIVATE_EXTERN = NO;
				GCC_WARN_64_TO_32_BIT_CONVERSION = YES;
				GCC_WARN_ABOUT_RETURN_TYPE = YES_ERROR;
				GCC_WARN_UNDECLARED_SELECTOR = YES;
				GCC_WARN_UNINITIALIZED_AUTOS = YES;
				GCC_WARN_UNUSED_FUNCTION = YES;
				GCC_WARN_UNUSED_VARIABLE = YES;
				IPHONEOS_DEPLOYMENT_TARGET = 7.0;
				ONLY_ACTIVE_ARCH = YES;
				SDKROOT = iphoneos;
			};
			name = Debug;
		};
		73F3A4961842AB5F008493E9 /* Release */ = {
			isa = XCBuildConfiguration;
			buildSettings = {
				ALWAYS_SEARCH_USER_PATHS = NO;
				ARCHS = "$(ARCHS_STANDARD_INCLUDING_64_BIT)";
				CLANG_CXX_LANGUAGE_STANDARD = "gnu++0x";
				CLANG_CXX_LIBRARY = "libc++";
				CLANG_ENABLE_MODULES = YES;
				CLANG_ENABLE_OBJC_ARC = YES;
				CLANG_WARN_BOOL_CONVERSION = YES;
				CLANG_WARN_CONSTANT_CONVERSION = YES;
				CLANG_WARN_DIRECT_OBJC_ISA_USAGE = YES_ERROR;
				CLANG_WARN_EMPTY_BODY = YES;
				CLANG_WARN_ENUM_CONVERSION = YES;
				CLANG_WARN_INT_CONVERSION = YES;
				CLANG_WARN_OBJC_ROOT_CLASS = YES_ERROR;
				CLANG_WARN__DUPLICATE_METHOD_MATCH = YES;
				"CODE_SIGN_IDENTITY[sdk=iphoneos*]" = "iPhone Developer";
				COPY_PHASE_STRIP = YES;
				ENABLE_NS_ASSERTIONS = NO;
				GCC_C_LANGUAGE_STANDARD = gnu99;
				GCC_WARN_64_TO_32_BIT_CONVERSION = YES;
				GCC_WARN_ABOUT_RETURN_TYPE = YES_ERROR;
				GCC_WARN_UNDECLARED_SELECTOR = YES;
				GCC_WARN_UNINITIALIZED_AUTOS = YES;
				GCC_WARN_UNUSED_FUNCTION = YES;
				GCC_WARN_UNUSED_VARIABLE = YES;
				IPHONEOS_DEPLOYMENT_TARGET = 7.0;
				SDKROOT = iphoneos;
				VALIDATE_PRODUCT = YES;
			};
			name = Release;
		};
		73F3A4981842AB5F008493E9 /* Debug */ = {
			isa = XCBuildConfiguration;
			baseConfigurationReference = 581052523A8D49F588372489 /* Pods.xcconfig */;
			buildSettings = {
				ASSETCATALOG_COMPILER_APPICON_NAME = AppIcon;
				ASSETCATALOG_COMPILER_LAUNCHIMAGE_NAME = LaunchImage;
				GCC_PRECOMPILE_PREFIX_HEADER = YES;
				GCC_PREFIX_HEADER = "InPlan/InPlan-Prefix.pch";
				INFOPLIST_FILE = "InPlan/InPlan-Info.plist";
				PRODUCT_NAME = "$(TARGET_NAME)";
				WRAPPER_EXTENSION = app;
			};
			name = Debug;
		};
		73F3A4991842AB5F008493E9 /* Release */ = {
			isa = XCBuildConfiguration;
			baseConfigurationReference = 581052523A8D49F588372489 /* Pods.xcconfig */;
			buildSettings = {
				ASSETCATALOG_COMPILER_APPICON_NAME = AppIcon;
				ASSETCATALOG_COMPILER_LAUNCHIMAGE_NAME = LaunchImage;
				GCC_PRECOMPILE_PREFIX_HEADER = YES;
				GCC_PREFIX_HEADER = "InPlan/InPlan-Prefix.pch";
				INFOPLIST_FILE = "InPlan/InPlan-Info.plist";
				PRODUCT_NAME = "$(TARGET_NAME)";
				WRAPPER_EXTENSION = app;
			};
			name = Release;
		};
		73F3A49B1842AB5F008493E9 /* Debug */ = {
			isa = XCBuildConfiguration;
			buildSettings = {
				ARCHS = "$(ARCHS_STANDARD_INCLUDING_64_BIT)";
				BUNDLE_LOADER = "$(BUILT_PRODUCTS_DIR)/InPlan.app/InPlan";
				FRAMEWORK_SEARCH_PATHS = (
					"$(SDKROOT)/Developer/Library/Frameworks",
					"$(inherited)",
					"$(DEVELOPER_FRAMEWORKS_DIR)",
				);
				GCC_PRECOMPILE_PREFIX_HEADER = YES;
				GCC_PREFIX_HEADER = "InPlan/InPlan-Prefix.pch";
				GCC_PREPROCESSOR_DEFINITIONS = (
					"DEBUG=1",
					"$(inherited)",
				);
				INFOPLIST_FILE = "InPlanTests/InPlanTests-Info.plist";
				PRODUCT_NAME = "$(TARGET_NAME)";
				TEST_HOST = "$(BUNDLE_LOADER)";
				WRAPPER_EXTENSION = xctest;
			};
			name = Debug;
		};
		73F3A49C1842AB5F008493E9 /* Release */ = {
			isa = XCBuildConfiguration;
			buildSettings = {
				ARCHS = "$(ARCHS_STANDARD_INCLUDING_64_BIT)";
				BUNDLE_LOADER = "$(BUILT_PRODUCTS_DIR)/InPlan.app/InPlan";
				FRAMEWORK_SEARCH_PATHS = (
					"$(SDKROOT)/Developer/Library/Frameworks",
					"$(inherited)",
					"$(DEVELOPER_FRAMEWORKS_DIR)",
				);
				GCC_PRECOMPILE_PREFIX_HEADER = YES;
				GCC_PREFIX_HEADER = "InPlan/InPlan-Prefix.pch";
				INFOPLIST_FILE = "InPlanTests/InPlanTests-Info.plist";
				PRODUCT_NAME = "$(TARGET_NAME)";
				TEST_HOST = "$(BUNDLE_LOADER)";
				WRAPPER_EXTENSION = xctest;
			};
			name = Release;
		};
/* End XCBuildConfiguration section */

/* Begin XCConfigurationList section */
		73F3A4601842AB5F008493E9 /* Build configuration list for PBXProject "InPlan" */ = {
			isa = XCConfigurationList;
			buildConfigurations = (
				73F3A4951842AB5F008493E9 /* Debug */,
				73F3A4961842AB5F008493E9 /* Release */,
			);
			defaultConfigurationIsVisible = 0;
			defaultConfigurationName = Release;
		};
		73F3A4971842AB5F008493E9 /* Build configuration list for PBXNativeTarget "InPlan" */ = {
			isa = XCConfigurationList;
			buildConfigurations = (
				73F3A4981842AB5F008493E9 /* Debug */,
				73F3A4991842AB5F008493E9 /* Release */,
			);
			defaultConfigurationIsVisible = 0;
			defaultConfigurationName = Release;
		};
		73F3A49A1842AB5F008493E9 /* Build configuration list for PBXNativeTarget "InPlanTests" */ = {
			isa = XCConfigurationList;
			buildConfigurations = (
				73F3A49B1842AB5F008493E9 /* Debug */,
				73F3A49C1842AB5F008493E9 /* Release */,
			);
			defaultConfigurationIsVisible = 0;
			defaultConfigurationName = Release;
		};
/* End XCConfigurationList section */
	};
	rootObject = 73F3A45D1842AB5F008493E9 /* Project object */;
}
